// !$*UTF8*$!
{
	archiveVersion = 1;
	classes = {
	};
	objectVersion = 46;
	objects = {

/* Begin PBXBuildFile section */
		1AF4F65F1F00BDC500DCD81D /* libserialport.a in Frameworks */ = {isa = PBXBuildFile; fileRef = 1AFD28B21D26AF4E00E6BC18 /* libserialport.a */; };
		1AFD28AC1D26AA0100E6BC18 /* main.cpp in Sources */ = {isa = PBXBuildFile; fileRef = 1AFD28AB1D26AA0100E6BC18 /* main.cpp */; };
/* End PBXBuildFile section */

/* Begin PBXCopyFilesBuildPhase section */
		1AFD28A61D26AA0100E6BC18 /* CopyFiles */ = {
			isa = PBXCopyFilesBuildPhase;
			buildActionMask = 2147483647;
			dstPath = /usr/share/man/man1/;
			dstSubfolderSpec = 0;
			files = (
			);
			runOnlyForDeploymentPostprocessing = 1;
		};
/* End PBXCopyFilesBuildPhase section */

/* Begin PBXFileReference section */
		1A68DE1A1F00A5B400AEA051 /* libserialport.la */ = {isa = PBXFileReference; lastKnownFileType = text; name = libserialport.la; path = "../../libserialport-HEAD-0c3f38b/libserialport.la"; sourceTree = "<group>"; };
		1A68DE1D1F00AAFC00AEA051 /* libserialport.la */ = {isa = PBXFileReference; lastKnownFileType = text; name = libserialport.la; path = ../../libserialport/libserialport.la; sourceTree = "<group>"; };
		1AFD28A81D26AA0100E6BC18 /* xHDServer */ = {isa = PBXFileReference; explicitFileType = "compiled.mach-o.executable"; includeInIndex = 0; path = xHDServer; sourceTree = BUILT_PRODUCTS_DIR; };
		1AFD28AB1D26AA0100E6BC18 /* main.cpp */ = {isa = PBXFileReference; lastKnownFileType = sourcecode.cpp.cpp; path = main.cpp; sourceTree = "<group>"; };
		1AFD28B21D26AF4E00E6BC18 /* libserialport.a */ = {isa = PBXFileReference; lastKnownFileType = archive.ar; name = libserialport.a; path = ../../../../../usr/local/lib/libserialport.a; sourceTree = "<group>"; };
/* End PBXFileReference section */

/* Begin PBXFrameworksBuildPhase section */
		1AF4F6591F00B1FF00DCD81D /* Frameworks */ = {
			isa = PBXFrameworksBuildPhase;
			buildActionMask = 2147483647;
			files = (
				1AF4F65F1F00BDC500DCD81D /* libserialport.a in Frameworks */,
			);
			runOnlyForDeploymentPostprocessing = 0;
		};
/* End PBXFrameworksBuildPhase section */

/* Begin PBXGroup section */
		1A68DE191F00A5B300AEA051 /* Frameworks */ = {
			isa = PBXGroup;
			children = (
				1A68DE1D1F00AAFC00AEA051 /* libserialport.la */,
				1A68DE1A1F00A5B400AEA051 /* libserialport.la */,
			);
			name = Frameworks;
			sourceTree = "<group>";
		};
		1AFD289F1D26AA0100E6BC18 = {
			isa = PBXGroup;
			children = (
				1AFD28B21D26AF4E00E6BC18 /* libserialport.a */,
				1AFD28AA1D26AA0100E6BC18 /* xHDServer */,
				1AFD28A91D26AA0100E6BC18 /* Products */,
				1A68DE191F00A5B300AEA051 /* Frameworks */,
			);
			sourceTree = "<group>";
		};
		1AFD28A91D26AA0100E6BC18 /* Products */ = {
			isa = PBXGroup;
			children = (
				1AFD28A81D26AA0100E6BC18 /* xHDServer */,
			);
			name = Products;
			sourceTree = "<group>";
		};
		1AFD28AA1D26AA0100E6BC18 /* xHDServer */ = {
			isa = PBXGroup;
			children = (
				1AFD28AB1D26AA0100E6BC18 /* main.cpp */,
			);
			path = xHDServer;
			sourceTree = "<group>";
		};
/* End PBXGroup section */

/* Begin PBXNativeTarget section */
		1AFD28A71D26AA0100E6BC18 /* xHDServer */ = {
			isa = PBXNativeTarget;
			buildConfigurationList = 1AFD28AF1D26AA0100E6BC18 /* Build configuration list for PBXNativeTarget "xHDServer" */;
			buildPhases = (
				1AFD28A41D26AA0100E6BC18 /* Sources */,
				1AFD28A61D26AA0100E6BC18 /* CopyFiles */,
				1AF4F6591F00B1FF00DCD81D /* Frameworks */,
			);
			buildRules = (
			);
			dependencies = (
			);
			name = xHDServer;
			productName = xHDServer;
			productReference = 1AFD28A81D26AA0100E6BC18 /* xHDServer */;
			productType = "com.apple.product-type.tool";
		};
/* End PBXNativeTarget section */

/* Begin PBXProject section */
		1AFD28A01D26AA0100E6BC18 /* Project object */ = {
			isa = PBXProject;
			attributes = {
				LastUpgradeCheck = 0800;
				ORGANIZATIONNAME = JB;
				TargetAttributes = {
					1AFD28A71D26AA0100E6BC18 = {
						CreatedOnToolsVersion = 6.2;
					};
				};
			};
			buildConfigurationList = 1AFD28A31D26AA0100E6BC18 /* Build configuration list for PBXProject "xHDServer" */;
			compatibilityVersion = "Xcode 3.2";
			developmentRegion = English;
			hasScannedForEncodings = 0;
			knownRegions = (
				en,
			);
			mainGroup = 1AFD289F1D26AA0100E6BC18;
			productRefGroup = 1AFD28A91D26AA0100E6BC18 /* Products */;
			projectDirPath = "";
			projectRoot = "";
			targets = (
				1AFD28A71D26AA0100E6BC18 /* xHDServer */,
			);
		};
/* End PBXProject section */

/* Begin PBXSourcesBuildPhase section */
		1AFD28A41D26AA0100E6BC18 /* Sources */ = {
			isa = PBXSourcesBuildPhase;
			buildActionMask = 2147483647;
			files = (
				1AFD28AC1D26AA0100E6BC18 /* main.cpp in Sources */,
			);
			runOnlyForDeploymentPostprocessing = 0;
		};
/* End PBXSourcesBuildPhase section */

/* Begin XCBuildConfiguration section */
		1AFD28AD1D26AA0100E6BC18 /* Debug */ = {
			isa = XCBuildConfiguration;
			buildSettings = {
				ALWAYS_SEARCH_USER_PATHS = NO;
				CLANG_CXX_LANGUAGE_STANDARD = "gnu++0x";
				CLANG_CXX_LIBRARY = "libc++";
				CLANG_ENABLE_MODULES = YES;
				CLANG_ENABLE_OBJC_ARC = YES;
				CLANG_WARN_BOOL_CONVERSION = YES;
				CLANG_WARN_CONSTANT_CONVERSION = YES;
				CLANG_WARN_DIRECT_OBJC_ISA_USAGE = YES_ERROR;
				CLANG_WARN_EMPTY_BODY = YES;
				CLANG_WARN_ENUM_CONVERSION = YES;
				CLANG_WARN_INFINITE_RECURSION = YES;
				CLANG_WARN_INT_CONVERSION = YES;
				CLANG_WARN_OBJC_ROOT_CLASS = YES_ERROR;
				CLANG_WARN_SUSPICIOUS_MOVE = YES;
				CLANG_WARN_UNREACHABLE_CODE = YES;
				CLANG_WARN__DUPLICATE_METHOD_MATCH = YES;
				COPY_PHASE_STRIP = NO;
				ENABLE_STRICT_OBJC_MSGSEND = YES;
				ENABLE_TESTABILITY = YES;
				GCC_C_LANGUAGE_STANDARD = gnu99;
				GCC_DYNAMIC_NO_PIC = NO;
				GCC_NO_COMMON_BLOCKS = YES;
				GCC_OPTIMIZATION_LEVEL = 0;
				GCC_PREPROCESSOR_DEFINITIONS = (
					"DEBUG=1",
					"$(inherited)",
				);
				GCC_SYMBOLS_PRIVATE_EXTERN = NO;
				GCC_USE_STANDARD_INCLUDE_SEARCHING = YES;
				GCC_WARN_64_TO_32_BIT_CONVERSION = YES;
				GCC_WARN_ABOUT_RETURN_TYPE = YES_ERROR;
				GCC_WARN_UNDECLARED_SELECTOR = YES;
				GCC_WARN_UNINITIALIZED_AUTOS = YES_AGGRESSIVE;
				GCC_WARN_UNUSED_FUNCTION = YES;
				GCC_WARN_UNUSED_VARIABLE = YES;
				MACOSX_DEPLOYMENT_TARGET = 10.9;
				MTL_ENABLE_DEBUG_INFO = YES;
				ONLY_ACTIVE_ARCH = YES;
				OTHER_LDFLAGS = "";
				SDKROOT = macosx;
			};
			name = Debug;
		};
		1AFD28AE1D26AA0100E6BC18 /* Release */ = {
			isa = XCBuildConfiguration;
			buildSettings = {
				ALWAYS_SEARCH_USER_PATHS = NO;
				CLANG_CXX_LANGUAGE_STANDARD = "gnu++0x";
				CLANG_CXX_LIBRARY = "libc++";
				CLANG_ENABLE_MODULES = YES;
				CLANG_ENABLE_OBJC_ARC = YES;
				CLANG_WARN_BOOL_CONVERSION = YES;
				CLANG_WARN_CONSTANT_CONVERSION = YES;
				CLANG_WARN_DIRECT_OBJC_ISA_USAGE = YES_ERROR;
				CLANG_WARN_EMPTY_BODY = YES;
				CLANG_WARN_ENUM_CONVERSION = YES;
				CLANG_WARN_INFINITE_RECURSION = YES;
				CLANG_WARN_INT_CONVERSION = YES;
				CLANG_WARN_OBJC_ROOT_CLASS = YES_ERROR;
				CLANG_WARN_SUSPICIOUS_MOVE = YES;
				CLANG_WARN_UNREACHABLE_CODE = YES;
				CLANG_WARN__DUPLICATE_METHOD_MATCH = YES;
				COPY_PHASE_STRIP = NO;
				DEBUG_INFORMATION_FORMAT = "dwarf-with-dsym";
				ENABLE_NS_ASSERTIONS = NO;
				ENABLE_STRICT_OBJC_MSGSEND = YES;
				GCC_C_LANGUAGE_STANDARD = gnu99;
				GCC_NO_COMMON_BLOCKS = YES;
				GCC_USE_STANDARD_INCLUDE_SEARCHING = YES;
				GCC_WARN_64_TO_32_BIT_CONVERSION = YES;
				GCC_WARN_ABOUT_RETURN_TYPE = YES_ERROR;
				GCC_WARN_UNDECLARED_SELECTOR = YES;
				GCC_WARN_UNINITIALIZED_AUTOS = YES_AGGRESSIVE;
				GCC_WARN_UNUSED_FUNCTION = YES;
				GCC_WARN_UNUSED_VARIABLE = YES;
				MACOSX_DEPLOYMENT_TARGET = 10.9;
				MTL_ENABLE_DEBUG_INFO = NO;
				OTHER_LDFLAGS = "";
				SDKROOT = macosx;
			};
			name = Release;
		};
		1AFD28B01D26AA0100E6BC18 /* Debug */ = {
			isa = XCBuildConfiguration;
			buildSettings = {
				ALWAYS_SEARCH_USER_PATHS = YES;
				CLANG_CXX_LANGUAGE_STANDARD = "gnu++0x";
				CLANG_CXX_LIBRARY = "libc++";
				DEBUG_INFORMATION_FORMAT = dwarf;
				LIBRARY_SEARCH_PATHS = /usr/local/lib;
				MACOSX_DEPLOYMENT_TARGET = 10.12;
				PRODUCT_NAME = "$(TARGET_NAME)";
				SDKROOT = macosx;
				USER_HEADER_SEARCH_PATHS = /usr/local/include;
			};
			name = Debug;
		};
		1AFD28B11D26AA0100E6BC18 /* Release */ = {
			isa = XCBuildConfiguration;
			buildSettings = {
				ALWAYS_SEARCH_USER_PATHS = YES;
				CLANG_CXX_LANGUAGE_STANDARD = "gnu++0x";
				CLANG_CXX_LIBRARY = "libc++";
				LIBRARY_SEARCH_PATHS = /usr/local/lib;
				MACOSX_DEPLOYMENT_TARGET = 10.12;
				PRODUCT_NAME = "$(TARGET_NAME)";
				SDKROOT = macosx;
				USER_HEADER_SEARCH_PATHS = /usr/local/include;
			};
			name = Release;
		};
/* End XCBuildConfiguration section */

/* Begin XCConfigurationList section */
		1AFD28A31D26AA0100E6BC18 /* Build configuration list for PBXProject "xHDServer" */ = {
			isa = XCConfigurationList;
			buildConfigurations = (
				1AFD28AD1D26AA0100E6BC18 /* Debug */,
				1AFD28AE1D26AA0100E6BC18 /* Release */,
			);
			defaultConfigurationIsVisible = 0;
			defaultConfigurationName = Release;
		};
		1AFD28AF1D26AA0100E6BC18 /* Build configuration list for PBXNativeTarget "xHDServer" */ = {
			isa = XCConfigurationList;
			buildConfigurations = (
				1AFD28B01D26AA0100E6BC18 /* Debug */,
				1AFD28B11D26AA0100E6BC18 /* Release */,
			);
			defaultConfigurationIsVisible = 0;
			defaultConfigurationName = Release;
		};
/* End XCConfigurationList section */
	};
	rootObject = 1AFD28A01D26AA0100E6BC18 /* Project object */;
}
